
Microsoft Visual Studio Solution File, Format Version 12.00
# Visual Studio Version 17
VisualStudioVersion = 17.14.36301.6 d17.14
MinimumVisualStudioVersion = 10.0.40219.1
Project("{FAE04EC0-301F-11D3-BF4B-00C04F79EFBC}") = "AppointmentManagement.Api", "GestionDeTurnosAPI\AppointmentManagement.Api.csproj", "{665D76EE-75CA-45B2-9213-E0C616FB54C2}"
EndProject
Project("{FAE04EC0-301F-11D3-BF4B-00C04F79EFBC}") = "AppointmentManagement.Domain", "AppointmentManagement.Domain\AppointmentManagement.Domain.csproj", "{4C1CC569-3FCA-47E8-9ED0-0676F445DEC0}"
EndProject
Project("{FAE04EC0-301F-11D3-BF4B-00C04F79EFBC}") = "AppointmentManagement.Application", "AppointmentManagement.Application\AppointmentManagement.Application.csproj", "{56A93581-7F34-44B8-80E9-2E551EEB9543}"
EndProject
Project("{FAE04EC0-301F-11D3-BF4B-00C04F79EFBC}") = "AppointmentManagement.Infrastructure", "AppointmentManagement.Infrastructure\AppointmentManagement.Infrastructure.csproj", "{39F6EFCC-DFDC-4DAD-8B64-DA37E1C4165F}"
EndProject
Project("{FAE04EC0-301F-11D3-BF4B-00C04F79EFBC}") = "AppointmentManagement.Tests", "AppointmentManagement.Tests\AppointmentManagement.Tests.csproj", "{3E7E0CC8-C030-4BD2-80EC-FB30B5131D66}"
EndProject
Global
	GlobalSection(SolutionConfigurationPlatforms) = preSolution
		Debug|Any CPU = Debug|Any CPU
		Release|Any CPU = Release|Any CPU
	EndGlobalSection
	GlobalSection(ProjectConfigurationPlatforms) = postSolution
		{665D76EE-75CA-45B2-9213-E0C616FB54C2}.Debug|Any CPU.ActiveCfg = Debug|Any CPU
		{665D76EE-75CA-45B2-9213-E0C616FB54C2}.Debug|Any CPU.Build.0 = Debug|Any CPU
		{665D76EE-75CA-45B2-9213-E0C616FB54C2}.Release|Any CPU.ActiveCfg = Release|Any CPU
		{665D76EE-75CA-45B2-9213-E0C616FB54C2}.Release|Any CPU.Build.0 = Release|Any CPU
		{4C1CC569-3FCA-47E8-9ED0-0676F445DEC0}.Debug|Any CPU.ActiveCfg = Debug|Any CPU
		{4C1CC569-3FCA-47E8-9ED0-0676F445DEC0}.Debug|Any CPU.Build.0 = Debug|Any CPU
		{4C1CC569-3FCA-47E8-9ED0-0676F445DEC0}.Release|Any CPU.ActiveCfg = Release|Any CPU
		{4C1CC569-3FCA-47E8-9ED0-0676F445DEC0}.Release|Any CPU.Build.0 = Release|Any CPU
		{56A93581-7F34-44B8-80E9-2E551EEB9543}.Debug|Any CPU.ActiveCfg = Debug|Any CPU
		{56A93581-7F34-44B8-80E9-2E551EEB9543}.Debug|Any CPU.Build.0 = Debug|Any CPU
		{56A93581-7F34-44B8-80E9-2E551EEB9543}.Release|Any CPU.ActiveCfg = Release|Any CPU
		{56A93581-7F34-44B8-80E9-2E551EEB9543}.Release|Any CPU.Build.0 = Release|Any CPU
		{39F6EFCC-DFDC-4DAD-8B64-DA37E1C4165F}.Debug|Any CPU.ActiveCfg = Debug|Any CPU
		{39F6EFCC-DFDC-4DAD-8B64-DA37E1C4165F}.Debug|Any CPU.Build.0 = Debug|Any CPU
		{39F6EFCC-DFDC-4DAD-8B64-DA37E1C4165F}.Release|Any CPU.ActiveCfg = Release|Any CPU
		{39F6EFCC-DFDC-4DAD-8B64-DA37E1C4165F}.Release|Any CPU.Build.0 = Release|Any CPU
		{3E7E0CC8-C030-4BD2-80EC-FB30B5131D66}.Debug|Any CPU.ActiveCfg = Debug|Any CPU
		{3E7E0CC8-C030-4BD2-80EC-FB30B5131D66}.Debug|Any CPU.Build.0 = Debug|Any CPU
		{3E7E0CC8-C030-4BD2-80EC-FB30B5131D66}.Release|Any CPU.ActiveCfg = Release|Any CPU
		{3E7E0CC8-C030-4BD2-80EC-FB30B5131D66}.Release|Any CPU.Build.0 = Release|Any CPU
	EndGlobalSection
	GlobalSection(SolutionProperties) = preSolution
		HideSolutionNode = FALSE
	EndGlobalSection
	GlobalSection(ExtensibilityGlobals) = postSolution
		SolutionGuid = {41F148CB-8359-4535-967C-2757D5A7A14B}
	EndGlobalSection
EndGlobal
